
Microsoft Visual Studio Solution File, Format Version 12.00
# Visual Studio 14
VisualStudioVersion = 14.0.25123.0
MinimumVisualStudioVersion = 10.0.40219.1
Project("{FAE04EC0-301F-11D3-BF4B-00C04F79EFBC}") = "Roggle.Core", "Roggle.Core\Roggle.Core.csproj", "{DE43FCFE-19A2-4D0C-8F4A-3D3C28B152D7}"
EndProject
Project("{FAE04EC0-301F-11D3-BF4B-00C04F79EFBC}") = "Roggle.ToolBox", "Roggle.ToolBox\Roggle.ToolBox.csproj", "{38AAF4B0-6F6D-4C80-AA34-73A8037057B7}"
EndProject
Project("{FAE04EC0-301F-11D3-BF4B-00C04F79EFBC}") = "Roggle.Tests", "Roggle.Tests\Roggle.Tests.csproj", "{3F7FB237-3DA8-4009-9899-FD850B42C85E}"
EndProject
Project("{FAE04EC0-301F-11D3-BF4B-00C04F79EFBC}") = "Roggle.Web", "Roggle.Web\Roggle.Web.csproj", "{F3A35C41-CCCD-4E22-8E04-E1504989BE89}"
EndProject
Global
	GlobalSection(SolutionConfigurationPlatforms) = preSolution
		Debug|Any CPU = Debug|Any CPU
		Release|Any CPU = Release|Any CPU
	EndGlobalSection
	GlobalSection(ProjectConfigurationPlatforms) = postSolution
		{DE43FCFE-19A2-4D0C-8F4A-3D3C28B152D7}.Debug|Any CPU.ActiveCfg = Debug|Any CPU
		{DE43FCFE-19A2-4D0C-8F4A-3D3C28B152D7}.Debug|Any CPU.Build.0 = Debug|Any CPU
		{DE43FCFE-19A2-4D0C-8F4A-3D3C28B152D7}.Release|Any CPU.ActiveCfg = Release|Any CPU
		{DE43FCFE-19A2-4D0C-8F4A-3D3C28B152D7}.Release|Any CPU.Build.0 = Release|Any CPU
		{38AAF4B0-6F6D-4C80-AA34-73A8037057B7}.Debug|Any CPU.ActiveCfg = Debug|Any CPU
		{38AAF4B0-6F6D-4C80-AA34-73A8037057B7}.Debug|Any CPU.Build.0 = Debug|Any CPU
		{38AAF4B0-6F6D-4C80-AA34-73A8037057B7}.Release|Any CPU.ActiveCfg = Release|Any CPU
		{38AAF4B0-6F6D-4C80-AA34-73A8037057B7}.Release|Any CPU.Build.0 = Release|Any CPU
		{3F7FB237-3DA8-4009-9899-FD850B42C85E}.Debug|Any CPU.ActiveCfg = Debug|Any CPU
		{3F7FB237-3DA8-4009-9899-FD850B42C85E}.Debug|Any CPU.Build.0 = Debug|Any CPU
		{3F7FB237-3DA8-4009-9899-FD850B42C85E}.Release|Any CPU.ActiveCfg = Release|Any CPU
		{3F7FB237-3DA8-4009-9899-FD850B42C85E}.Release|Any CPU.Build.0 = Release|Any CPU
		{F3A35C41-CCCD-4E22-8E04-E1504989BE89}.Debug|Any CPU.ActiveCfg = Debug|Any CPU
		{F3A35C41-CCCD-4E22-8E04-E1504989BE89}.Debug|Any CPU.Build.0 = Debug|Any CPU
		{F3A35C41-CCCD-4E22-8E04-E1504989BE89}.Release|Any CPU.ActiveCfg = Release|Any CPU
		{F3A35C41-CCCD-4E22-8E04-E1504989BE89}.Release|Any CPU.Build.0 = Release|Any CPU
	EndGlobalSection
	GlobalSection(SolutionProperties) = preSolution
		HideSolutionNode = FALSE
	EndGlobalSection
EndGlobal
